
Microsoft Visual Studio Solution File, Format Version 12.00
# Visual Studio 15
VisualStudioVersion = 15.0.27130.2027
MinimumVisualStudioVersion = 10.0.40219.1
Project("{FAE04EC0-301F-11D3-BF4B-00C04F79EFBC}") = "SaveFiles", "SaveFiles\SaveFiles.csproj", "{218AB243-A200-4210-B1EF-A43514BF2759}"
EndProject
Global
	GlobalSection(SolutionConfigurationPlatforms) = preSolution
		Debug|Any CPU = Debug|Any CPU
		Release|Any CPU = Release|Any CPU
	EndGlobalSection
	GlobalSection(ProjectConfigurationPlatforms) = postSolution
		{218AB243-A200-4210-B1EF-A43514BF2759}.Debug|Any CPU.ActiveCfg = Debug|Any CPU
		{218AB243-A200-4210-B1EF-A43514BF2759}.Debug|Any CPU.Build.0 = Debug|Any CPU
		{218AB243-A200-4210-B1EF-A43514BF2759}.Release|Any CPU.ActiveCfg = Release|Any CPU
		{218AB243-A200-4210-B1EF-A43514BF2759}.Release|Any CPU.Build.0 = Release|Any CPU
	EndGlobalSection
	GlobalSection(SolutionProperties) = preSolution
		HideSolutionNode = FALSE
	EndGlobalSection
	GlobalSection(ExtensibilityGlobals) = postSolution
		SolutionGuid = {CBA4BD9E-9CD6-4AA4-B7FC-970F1939AC1F}
	EndGlobalSection
EndGlobal
